
Microsoft Visual Studio Solution File, Format Version 12.00
# Visual Studio Version 16
VisualStudioVersion = 16.0.29709.97
MinimumVisualStudioVersion = 10.0.40219.1
Project("{FAE04EC0-301F-11D3-BF4B-00C04F79EFBC}") = "RuleEngine", "RuleEngine.csproj", "{CE7011B5-5E53-449F-AD17-F189D1E9EABF}"
EndProject
Project("{FAE04EC0-301F-11D3-BF4B-00C04F79EFBC}") = "RuleEngine.Test", "..\RuleEngine.Test\RuleEngine.Test.csproj", "{EFF32CB1-43DB-439C-B20F-83205BB37B2B}"
EndProject
Global
	GlobalSection(SolutionConfigurationPlatforms) = preSolution
		Debug|Any CPU = Debug|Any CPU
		Release|Any CPU = Release|Any CPU
	EndGlobalSection
	GlobalSection(ProjectConfigurationPlatforms) = postSolution
		{CE7011B5-5E53-449F-AD17-F189D1E9EABF}.Debug|Any CPU.ActiveCfg = Debug|Any CPU
		{CE7011B5-5E53-449F-AD17-F189D1E9EABF}.Debug|Any CPU.Build.0 = Debug|Any CPU
		{CE7011B5-5E53-449F-AD17-F189D1E9EABF}.Release|Any CPU.ActiveCfg = Release|Any CPU
		{CE7011B5-5E53-449F-AD17-F189D1E9EABF}.Release|Any CPU.Build.0 = Release|Any CPU
		{EFF32CB1-43DB-439C-B20F-83205BB37B2B}.Debug|Any CPU.ActiveCfg = Debug|Any CPU
		{EFF32CB1-43DB-439C-B20F-83205BB37B2B}.Debug|Any CPU.Build.0 = Debug|Any CPU
		{EFF32CB1-43DB-439C-B20F-83205BB37B2B}.Release|Any CPU.ActiveCfg = Release|Any CPU
		{EFF32CB1-43DB-439C-B20F-83205BB37B2B}.Release|Any CPU.Build.0 = Release|Any CPU
	EndGlobalSection
	GlobalSection(SolutionProperties) = preSolution
		HideSolutionNode = FALSE
	EndGlobalSection
	GlobalSection(ExtensibilityGlobals) = postSolution
		SolutionGuid = {8A409C42-D511-4791-A8B6-C6062CAA1B0F}
	EndGlobalSection
EndGlobal
